
Microsoft Visual Studio Solution File, Format Version 12.00
# Visual Studio Version 17
VisualStudioVersion = 17.0.31903.59
MinimumVisualStudioVersion = 10.0.40219.1
Project("{FAE04EC0-301F-11D3-BF4B-00C04F79EFBC}") = "API", "API\API.csproj", "{DECA4EB2-813B-4A36-9E71-97107DC82D94}"
EndProject
Project("{FAE04EC0-301F-11D3-BF4B-00C04F79EFBC}") = "Application", "Application\Application.csproj", "{6816AB8D-72C1-4457-984D-44B507829C55}"
EndProject
Project("{FAE04EC0-301F-11D3-BF4B-00C04F79EFBC}") = "Domain", "Domain\Domain.csproj", "{212877E3-B73C-43C8-91C8-A4844F51DAC5}"
EndProject
Project("{FAE04EC0-301F-11D3-BF4B-00C04F79EFBC}") = "Persistence", "Persistence\Persistence.csproj", "{AB5A7276-A40D-46BB-9E11-B46356065B78}"
EndProject
Project("{FAE04EC0-301F-11D3-BF4B-00C04F79EFBC}") = "Infrastructure", "Infrastructure\Infrastructure.csproj", "{303B8FA7-FBC8-49CB-BC76-133182158D5F}"
EndProject
Global
	GlobalSection(SolutionConfigurationPlatforms) = preSolution
		Debug|Any CPU = Debug|Any CPU
		Release|Any CPU = Release|Any CPU
	EndGlobalSection
	GlobalSection(SolutionProperties) = preSolution
		HideSolutionNode = FALSE
	EndGlobalSection
	GlobalSection(ProjectConfigurationPlatforms) = postSolution
		{DECA4EB2-813B-4A36-9E71-97107DC82D94}.Debug|Any CPU.ActiveCfg = Debug|Any CPU
		{DECA4EB2-813B-4A36-9E71-97107DC82D94}.Debug|Any CPU.Build.0 = Debug|Any CPU
		{DECA4EB2-813B-4A36-9E71-97107DC82D94}.Release|Any CPU.ActiveCfg = Release|Any CPU
		{DECA4EB2-813B-4A36-9E71-97107DC82D94}.Release|Any CPU.Build.0 = Release|Any CPU
		{6816AB8D-72C1-4457-984D-44B507829C55}.Debug|Any CPU.ActiveCfg = Debug|Any CPU
		{6816AB8D-72C1-4457-984D-44B507829C55}.Debug|Any CPU.Build.0 = Debug|Any CPU
		{6816AB8D-72C1-4457-984D-44B507829C55}.Release|Any CPU.ActiveCfg = Release|Any CPU
		{6816AB8D-72C1-4457-984D-44B507829C55}.Release|Any CPU.Build.0 = Release|Any CPU
		{212877E3-B73C-43C8-91C8-A4844F51DAC5}.Debug|Any CPU.ActiveCfg = Debug|Any CPU
		{212877E3-B73C-43C8-91C8-A4844F51DAC5}.Debug|Any CPU.Build.0 = Debug|Any CPU
		{212877E3-B73C-43C8-91C8-A4844F51DAC5}.Release|Any CPU.ActiveCfg = Release|Any CPU
		{212877E3-B73C-43C8-91C8-A4844F51DAC5}.Release|Any CPU.Build.0 = Release|Any CPU
		{AB5A7276-A40D-46BB-9E11-B46356065B78}.Debug|Any CPU.ActiveCfg = Debug|Any CPU
		{AB5A7276-A40D-46BB-9E11-B46356065B78}.Debug|Any CPU.Build.0 = Debug|Any CPU
		{AB5A7276-A40D-46BB-9E11-B46356065B78}.Release|Any CPU.ActiveCfg = Release|Any CPU
		{AB5A7276-A40D-46BB-9E11-B46356065B78}.Release|Any CPU.Build.0 = Release|Any CPU
		{303B8FA7-FBC8-49CB-BC76-133182158D5F}.Debug|Any CPU.ActiveCfg = Debug|Any CPU
		{303B8FA7-FBC8-49CB-BC76-133182158D5F}.Debug|Any CPU.Build.0 = Debug|Any CPU
		{303B8FA7-FBC8-49CB-BC76-133182158D5F}.Release|Any CPU.ActiveCfg = Release|Any CPU
		{303B8FA7-FBC8-49CB-BC76-133182158D5F}.Release|Any CPU.Build.0 = Release|Any CPU
	EndGlobalSection
EndGlobal
